
Microsoft Visual Studio Solution File, Format Version 12.00
# Visual Studio Version 16
VisualStudioVersion = 16.0.30804.86
MinimumVisualStudioVersion = 10.0.40219.1
Project("{FAE04EC0-301F-11D3-BF4B-00C04F79EFBC}") = "RepChecker", "RepChecker\RepChecker.csproj", "{FE509D8D-B04E-49E0-A0B9-EFBB4255D665}"
EndProject
Global
	GlobalSection(SolutionConfigurationPlatforms) = preSolution
		Debug|Any CPU = Debug|Any CPU
		Release|Any CPU = Release|Any CPU
	EndGlobalSection
	GlobalSection(ProjectConfigurationPlatforms) = postSolution
		{FE509D8D-B04E-49E0-A0B9-EFBB4255D665}.Debug|Any CPU.ActiveCfg = Debug|Any CPU
		{FE509D8D-B04E-49E0-A0B9-EFBB4255D665}.Debug|Any CPU.Build.0 = Debug|Any CPU
		{FE509D8D-B04E-49E0-A0B9-EFBB4255D665}.Release|Any CPU.ActiveCfg = Release|Any CPU
		{FE509D8D-B04E-49E0-A0B9-EFBB4255D665}.Release|Any CPU.Build.0 = Release|Any CPU
	EndGlobalSection
	GlobalSection(SolutionProperties) = preSolution
		HideSolutionNode = FALSE
	EndGlobalSection
	GlobalSection(ExtensibilityGlobals) = postSolution
		SolutionGuid = {2E11FD77-ACF3-4008-9A2A-77AE7554F714}
	EndGlobalSection
EndGlobal
