
Microsoft Visual Studio Solution File, Format Version 12.00
# Visual Studio Version 16
VisualStudioVersion = 16.0.30804.86
MinimumVisualStudioVersion = 10.0.40219.1
Project("{9A19103F-16F7-4668-BE54-9A1E7A4F7556}") = "RepChecker", "RepChecker\RepChecker.csproj", "{FE509D8D-B04E-49E0-A0B9-EFBB4255D665}"
EndProject
Project("{9A19103F-16F7-4668-BE54-9A1E7A4F7556}") = "RepDataCollector", "RepDataCollector\RepDataCollector.csproj", "{7761ABB2-8626-467D-8B52-4E7631A40386}"
EndProject
Global
	GlobalSection(SolutionConfigurationPlatforms) = preSolution
		Debug|Any CPU = Debug|Any CPU
		Release|Any CPU = Release|Any CPU
	EndGlobalSection
	GlobalSection(ProjectConfigurationPlatforms) = postSolution
		{FE509D8D-B04E-49E0-A0B9-EFBB4255D665}.Debug|Any CPU.ActiveCfg = Debug|Any CPU
		{FE509D8D-B04E-49E0-A0B9-EFBB4255D665}.Debug|Any CPU.Build.0 = Debug|Any CPU
		{FE509D8D-B04E-49E0-A0B9-EFBB4255D665}.Release|Any CPU.ActiveCfg = Release|Any CPU
		{FE509D8D-B04E-49E0-A0B9-EFBB4255D665}.Release|Any CPU.Build.0 = Release|Any CPU
		{7761ABB2-8626-467D-8B52-4E7631A40386}.Debug|Any CPU.ActiveCfg = Debug|Any CPU
		{7761ABB2-8626-467D-8B52-4E7631A40386}.Debug|Any CPU.Build.0 = Debug|Any CPU
		{7761ABB2-8626-467D-8B52-4E7631A40386}.Release|Any CPU.ActiveCfg = Release|Any CPU
		{7761ABB2-8626-467D-8B52-4E7631A40386}.Release|Any CPU.Build.0 = Release|Any CPU
	EndGlobalSection
	GlobalSection(SolutionProperties) = preSolution
		HideSolutionNode = FALSE
	EndGlobalSection
	GlobalSection(ExtensibilityGlobals) = postSolution
		SolutionGuid = {2E11FD77-ACF3-4008-9A2A-77AE7554F714}
	EndGlobalSection
EndGlobal
